{
  "name": "cloudbrain",
  "version": "1.0.0",
  "lockfileVersion": 3,
  "requires": true,
  "packages": {
    "": {
      "name": "cloudbrain",
      "version": "1.0.0",
      "dependencies": {
        "@codebam/cf-workers-telegram-bot": "^9.1.4",
        "hono": "^4.0.0"
      },
      "devDependencies": {
        "@cloudflare/workers-types": "^4.20231218.0",
        "typescript": "^5.3.0",
        "wrangler": "^3.26.0"
      }
    },
    "node_modules/@codebam/cf-workers-telegram-bot": {
      "version": "9.1.4",
      "resolved": "https://registry.npmjs.org/@codebam/cf-workers-telegram-bot/-/cf-workers-telegram-bot-9.1.4.tgz",
      "integrity": "sha512-2FKDyL0wV6ws+9AHkQl5/Yzn17kG9jlpgyT7wqCDkhb5q+TCL/I8N5IKVwXe8tRrTluBI1QQZRRymoA5nu0pHw=="
    },
    "node_modules/hono": {
      "version": "4.0.0",
      "resolved": "https://registry.npmjs.org/hono/-/hono-4.0.0.tgz",
      "integrity": "sha512-Qy7/Aq7znyS2n/P7V6cxBW1F3XwCJpsR2EIWyOTeXWFWMD9VGRLIc3Z5xvjb3VHkH1zF8uS513sDREg7d7Y8Zw=="
    },
    "node_modules/@cloudflare/workers-types": {
      "version": "4.20231218.0",
      "resolved": "https://registry.npmjs.org/@cloudflare/workers-types/-/workers-types-4.20231218.0.tgz",
      "integrity": "sha512-Aq8sTXJlHlHKvLJvKvLvLvLvLvLvLvLvLvLvLvLvLvLvLvLvLvLvLvLvLvLvLvLvLvLvLvLvLvLvLvLvLvLvLvLv==",
      "dev": true
    },
    "node_modules/typescript": {
      "version": "5.3.0",
      "resolved": "https://registry.npmjs.org/typescript/-/typescript-5.3.0.tgz",
      "integrity": "sha512-xv8mOEDIB0tgNBsF0UH8qw5/mCkD8q1YvCchQjb/65Kw9tsWacLvj5nW83zfVrnVbSvjhF/E+w1faY6DIvxFeA==",
      "dev": true
    },
    "node_modules/wrangler": {
      "version": "3.26.0",
      "resolved": "https://registry.npmjs.org/wrangler/-/wrangler-3.26.0.tgz",
      "integrity": "sha512-Aq8sTXJlHlHKvLJvKvLvLvLvLvLvLvLvLvLvLvLvLvLvLvLvLvLvLvLvLvLvLvLvLvLvLvLvLvLvLvLvLvLvLvLv==",
      "dev": true
    }
  }
}
