{
  "name": "cloudbrain",
  "version": "1.0.0",
  "lockfileVersion": 3,
  "requires": true,
  "packages": {
    "": {
      "name": "cloudbrain",
      "version": "1.0.0",
      "dependencies": {
        "@codebam/cf-workers-telegram-bot": "^9.1.4",
        "hono": "^4.0.0"
      },
      "devDependencies": {
        "@cloudflare/workers-types": "^4.20231218.0",
        "typescript": "^5.3.0",
        "wrangler": "^3.26.0"
      }
    }
  }
}
